
Microsoft Visual Studio Solution File, Format Version 12.00
# Visual Studio Version 17
VisualStudioVersion = 17.14.36429.23 d17.14
MinimumVisualStudioVersion = 10.0.40219.1
Project("{8BC9CEB8-8B4A-11D0-8D11-00A0C91BC942}") = "Week 7", "Week 7.vcxproj", "{DFF3FE34-CCBB-4746-A811-6B96752C43BA}"
EndProject
Global
	GlobalSection(SolutionConfigurationPlatforms) = preSolution
		Debug|x64 = Debug|x64
		Debug|x86 = Debug|x86
		Release|x64 = Release|x64
		Release|x86 = Release|x86
	EndGlobalSection
	GlobalSection(ProjectConfigurationPlatforms) = postSolution
		{DFF3FE34-CCBB-4746-A811-6B96752C43BA}.Debug|x64.ActiveCfg = Debug|x64
		{DFF3FE34-CCBB-4746-A811-6B96752C43BA}.Debug|x64.Build.0 = Debug|x64
		{DFF3FE34-CCBB-4746-A811-6B96752C43BA}.Debug|x86.ActiveCfg = Debug|Win32
		{DFF3FE34-CCBB-4746-A811-6B96752C43BA}.Debug|x86.Build.0 = Debug|Win32
		{DFF3FE34-CCBB-4746-A811-6B96752C43BA}.Release|x64.ActiveCfg = Release|x64
		{DFF3FE34-CCBB-4746-A811-6B96752C43BA}.Release|x64.Build.0 = Release|x64
		{DFF3FE34-CCBB-4746-A811-6B96752C43BA}.Release|x86.ActiveCfg = Release|Win32
		{DFF3FE34-CCBB-4746-A811-6B96752C43BA}.Release|x86.Build.0 = Release|Win32
	EndGlobalSection
	GlobalSection(SolutionProperties) = preSolution
		HideSolutionNode = FALSE
	EndGlobalSection
	GlobalSection(ExtensibilityGlobals) = postSolution
		SolutionGuid = {4FBE1083-EFE8-40A7-9D5C-D50F81FC0283}
	EndGlobalSection
EndGlobal
